
Microsoft Visual Studio Solution File, Format Version 12.00
# Visual Studio Version 16
VisualStudioVersion = 16.0.31019.35
MinimumVisualStudioVersion = 10.0.40219.1
Project("{9A19103F-16F7-4668-BE54-9A1E7A4F7556}") = "Common", "..\Common\Common.csproj", "{BDBB70BB-6343-4703-872B-C2C619C39EE4}"
EndProject
Project("{9A19103F-16F7-4668-BE54-9A1E7A4F7556}") = "Common.Windows", "Common\Common.Windows.csproj", "{F7EF0045-9B22-444A-991B-AC08CF77D3F6}"
EndProject
Project("{2150E333-8FDC-42A3-9474-1A3956D46DE8}") = "WebDAVDrive", "WebDAVDrive", "{264745B0-DF86-41E1-B400-3CAA1B403830}"
EndProject
Project("{9A19103F-16F7-4668-BE54-9A1E7A4F7556}") = "WebDAVDrive", "WebDAVDrive\WebDAVDrive\WebDAVDrive.csproj", "{C624F9B5-3EA1-416C-8592-37E6064C8247}"
EndProject
Project("{9A19103F-16F7-4668-BE54-9A1E7A4F7556}") = "WebDAVDrive.UI", "WebDAVDrive\WebDAVDrive.UI\WebDAVDrive.UI.csproj", "{51F6CFCC-AB57-40DD-AADA-6299A2C6B941}"
EndProject
Project("{2150E333-8FDC-42A3-9474-1A3956D46DE8}") = "VirtualDrive", "VirtualDrive", "{CAE8E8A6-2721-4C90-BCD9-F4B03C3D8F13}"
EndProject
Project("{9A19103F-16F7-4668-BE54-9A1E7A4F7556}") = "VirtualDrive", "VirtualDrive\VirtualDrive\VirtualDrive.csproj", "{648FB01F-0C4A-409E-A48A-E6722F626AB8}"
EndProject
Project("{9A19103F-16F7-4668-BE54-9A1E7A4F7556}") = "VirtualDrive.ThumbnailProvider", "VirtualDrive\VirtualDrive.ThumbnailProvider\VirtualDrive.ThumbnailProvider.csproj", "{1E765516-497B-4546-8C38-DB452915ACBF}"
EndProject
Project("{9A19103F-16F7-4668-BE54-9A1E7A4F7556}") = "VirtualFileSystem", "VirtualFileSystem\VirtualFileSystem.csproj", "{06E5D212-CAD4-4880-832D-69D8D69B8E3D}"
EndProject
Global
	GlobalSection(SolutionConfigurationPlatforms) = preSolution
		Debug|Any CPU = Debug|Any CPU
		Debug|ARM = Debug|ARM
		Debug|ARM64 = Debug|ARM64
		Debug|x64 = Debug|x64
		Debug|x86 = Debug|x86
		Release|Any CPU = Release|Any CPU
		Release|ARM = Release|ARM
		Release|ARM64 = Release|ARM64
		Release|x64 = Release|x64
		Release|x86 = Release|x86
	EndGlobalSection
	GlobalSection(ProjectConfigurationPlatforms) = postSolution
		{BDBB70BB-6343-4703-872B-C2C619C39EE4}.Debug|Any CPU.ActiveCfg = Debug|Any CPU
		{BDBB70BB-6343-4703-872B-C2C619C39EE4}.Debug|Any CPU.Build.0 = Debug|Any CPU
		{BDBB70BB-6343-4703-872B-C2C619C39EE4}.Debug|ARM.ActiveCfg = Debug|Any CPU
		{BDBB70BB-6343-4703-872B-C2C619C39EE4}.Debug|ARM.Build.0 = Debug|Any CPU
		{BDBB70BB-6343-4703-872B-C2C619C39EE4}.Debug|ARM64.ActiveCfg = Debug|Any CPU
		{BDBB70BB-6343-4703-872B-C2C619C39EE4}.Debug|ARM64.Build.0 = Debug|Any CPU
		{BDBB70BB-6343-4703-872B-C2C619C39EE4}.Debug|x64.ActiveCfg = Debug|Any CPU
		{BDBB70BB-6343-4703-872B-C2C619C39EE4}.Debug|x64.Build.0 = Debug|Any CPU
		{BDBB70BB-6343-4703-872B-C2C619C39EE4}.Debug|x86.ActiveCfg = Debug|Any CPU
		{BDBB70BB-6343-4703-872B-C2C619C39EE4}.Debug|x86.Build.0 = Debug|Any CPU
		{BDBB70BB-6343-4703-872B-C2C619C39EE4}.Release|Any CPU.ActiveCfg = Release|Any CPU
		{BDBB70BB-6343-4703-872B-C2C619C39EE4}.Release|Any CPU.Build.0 = Release|Any CPU
		{BDBB70BB-6343-4703-872B-C2C619C39EE4}.Release|ARM.ActiveCfg = Release|Any CPU
		{BDBB70BB-6343-4703-872B-C2C619C39EE4}.Release|ARM.Build.0 = Release|Any CPU
		{BDBB70BB-6343-4703-872B-C2C619C39EE4}.Release|ARM64.ActiveCfg = Release|Any CPU
		{BDBB70BB-6343-4703-872B-C2C619C39EE4}.Release|ARM64.Build.0 = Release|Any CPU
		{BDBB70BB-6343-4703-872B-C2C619C39EE4}.Release|x64.ActiveCfg = Release|Any CPU
		{BDBB70BB-6343-4703-872B-C2C619C39EE4}.Release|x64.Build.0 = Release|Any CPU
		{BDBB70BB-6343-4703-872B-C2C619C39EE4}.Release|x86.ActiveCfg = Release|Any CPU
		{BDBB70BB-6343-4703-872B-C2C619C39EE4}.Release|x86.Build.0 = Release|Any CPU
		{F7EF0045-9B22-444A-991B-AC08CF77D3F6}.Debug|Any CPU.ActiveCfg = Debug|Any CPU
		{F7EF0045-9B22-444A-991B-AC08CF77D3F6}.Debug|Any CPU.Build.0 = Debug|Any CPU
		{F7EF0045-9B22-444A-991B-AC08CF77D3F6}.Debug|ARM.ActiveCfg = Debug|Any CPU
		{F7EF0045-9B22-444A-991B-AC08CF77D3F6}.Debug|ARM.Build.0 = Debug|Any CPU
		{F7EF0045-9B22-444A-991B-AC08CF77D3F6}.Debug|ARM64.ActiveCfg = Debug|Any CPU
		{F7EF0045-9B22-444A-991B-AC08CF77D3F6}.Debug|ARM64.Build.0 = Debug|Any CPU
		{F7EF0045-9B22-444A-991B-AC08CF77D3F6}.Debug|x64.ActiveCfg = Debug|Any CPU
		{F7EF0045-9B22-444A-991B-AC08CF77D3F6}.Debug|x64.Build.0 = Debug|Any CPU
		{F7EF0045-9B22-444A-991B-AC08CF77D3F6}.Debug|x86.ActiveCfg = Debug|Any CPU
		{F7EF0045-9B22-444A-991B-AC08CF77D3F6}.Debug|x86.Build.0 = Debug|Any CPU
		{F7EF0045-9B22-444A-991B-AC08CF77D3F6}.Release|Any CPU.ActiveCfg = Release|Any CPU
		{F7EF0045-9B22-444A-991B-AC08CF77D3F6}.Release|Any CPU.Build.0 = Release|Any CPU
		{F7EF0045-9B22-444A-991B-AC08CF77D3F6}.Release|ARM.ActiveCfg = Release|Any CPU
		{F7EF0045-9B22-444A-991B-AC08CF77D3F6}.Release|ARM.Build.0 = Release|Any CPU
		{F7EF0045-9B22-444A-991B-AC08CF77D3F6}.Release|ARM64.ActiveCfg = Release|Any CPU
		{F7EF0045-9B22-444A-991B-AC08CF77D3F6}.Release|ARM64.Build.0 = Release|Any CPU
		{F7EF0045-9B22-444A-991B-AC08CF77D3F6}.Release|x64.ActiveCfg = Release|Any CPU
		{F7EF0045-9B22-444A-991B-AC08CF77D3F6}.Release|x64.Build.0 = Release|Any CPU
		{F7EF0045-9B22-444A-991B-AC08CF77D3F6}.Release|x86.ActiveCfg = Release|Any CPU
		{F7EF0045-9B22-444A-991B-AC08CF77D3F6}.Release|x86.Build.0 = Release|Any CPU
		{C624F9B5-3EA1-416C-8592-37E6064C8247}.Debug|Any CPU.ActiveCfg = Debug|Any CPU
		{C624F9B5-3EA1-416C-8592-37E6064C8247}.Debug|Any CPU.Build.0 = Debug|Any CPU
		{C624F9B5-3EA1-416C-8592-37E6064C8247}.Debug|ARM.ActiveCfg = Debug|Any CPU
		{C624F9B5-3EA1-416C-8592-37E6064C8247}.Debug|ARM.Build.0 = Debug|Any CPU
		{C624F9B5-3EA1-416C-8592-37E6064C8247}.Debug|ARM64.ActiveCfg = Debug|Any CPU
		{C624F9B5-3EA1-416C-8592-37E6064C8247}.Debug|ARM64.Build.0 = Debug|Any CPU
		{C624F9B5-3EA1-416C-8592-37E6064C8247}.Debug|x64.ActiveCfg = Debug|Any CPU
		{C624F9B5-3EA1-416C-8592-37E6064C8247}.Debug|x64.Build.0 = Debug|Any CPU
		{C624F9B5-3EA1-416C-8592-37E6064C8247}.Debug|x86.ActiveCfg = Debug|Any CPU
		{C624F9B5-3EA1-416C-8592-37E6064C8247}.Debug|x86.Build.0 = Debug|Any CPU
		{C624F9B5-3EA1-416C-8592-37E6064C8247}.Release|Any CPU.ActiveCfg = Release|Any CPU
		{C624F9B5-3EA1-416C-8592-37E6064C8247}.Release|Any CPU.Build.0 = Release|Any CPU
		{C624F9B5-3EA1-416C-8592-37E6064C8247}.Release|ARM.ActiveCfg = Release|Any CPU
		{C624F9B5-3EA1-416C-8592-37E6064C8247}.Release|ARM.Build.0 = Release|Any CPU
		{C624F9B5-3EA1-416C-8592-37E6064C8247}.Release|ARM64.ActiveCfg = Release|Any CPU
		{C624F9B5-3EA1-416C-8592-37E6064C8247}.Release|ARM64.Build.0 = Release|Any CPU
		{C624F9B5-3EA1-416C-8592-37E6064C8247}.Release|x64.ActiveCfg = Release|Any CPU
		{C624F9B5-3EA1-416C-8592-37E6064C8247}.Release|x64.Build.0 = Release|Any CPU
		{C624F9B5-3EA1-416C-8592-37E6064C8247}.Release|x86.ActiveCfg = Release|Any CPU
		{C624F9B5-3EA1-416C-8592-37E6064C8247}.Release|x86.Build.0 = Release|Any CPU
		{51F6CFCC-AB57-40DD-AADA-6299A2C6B941}.Debug|Any CPU.ActiveCfg = Debug|Any CPU
		{51F6CFCC-AB57-40DD-AADA-6299A2C6B941}.Debug|Any CPU.Build.0 = Debug|Any CPU
		{51F6CFCC-AB57-40DD-AADA-6299A2C6B941}.Debug|ARM.ActiveCfg = Debug|Any CPU
		{51F6CFCC-AB57-40DD-AADA-6299A2C6B941}.Debug|ARM.Build.0 = Debug|Any CPU
		{51F6CFCC-AB57-40DD-AADA-6299A2C6B941}.Debug|ARM64.ActiveCfg = Debug|Any CPU
		{51F6CFCC-AB57-40DD-AADA-6299A2C6B941}.Debug|ARM64.Build.0 = Debug|Any CPU
		{51F6CFCC-AB57-40DD-AADA-6299A2C6B941}.Debug|x64.ActiveCfg = Debug|Any CPU
		{51F6CFCC-AB57-40DD-AADA-6299A2C6B941}.Debug|x64.Build.0 = Debug|Any CPU
		{51F6CFCC-AB57-40DD-AADA-6299A2C6B941}.Debug|x86.ActiveCfg = Debug|Any CPU
		{51F6CFCC-AB57-40DD-AADA-6299A2C6B941}.Debug|x86.Build.0 = Debug|Any CPU
		{51F6CFCC-AB57-40DD-AADA-6299A2C6B941}.Release|Any CPU.ActiveCfg = Release|Any CPU
		{51F6CFCC-AB57-40DD-AADA-6299A2C6B941}.Release|Any CPU.Build.0 = Release|Any CPU
		{51F6CFCC-AB57-40DD-AADA-6299A2C6B941}.Release|ARM.ActiveCfg = Release|Any CPU
		{51F6CFCC-AB57-40DD-AADA-6299A2C6B941}.Release|ARM.Build.0 = Release|Any CPU
		{51F6CFCC-AB57-40DD-AADA-6299A2C6B941}.Release|ARM64.ActiveCfg = Release|Any CPU
		{51F6CFCC-AB57-40DD-AADA-6299A2C6B941}.Release|ARM64.Build.0 = Release|Any CPU
		{51F6CFCC-AB57-40DD-AADA-6299A2C6B941}.Release|x64.ActiveCfg = Release|Any CPU
		{51F6CFCC-AB57-40DD-AADA-6299A2C6B941}.Release|x64.Build.0 = Release|Any CPU
		{51F6CFCC-AB57-40DD-AADA-6299A2C6B941}.Release|x86.ActiveCfg = Release|Any CPU
		{51F6CFCC-AB57-40DD-AADA-6299A2C6B941}.Release|x86.Build.0 = Release|Any CPU
		{648FB01F-0C4A-409E-A48A-E6722F626AB8}.Debug|Any CPU.ActiveCfg = Debug|Any CPU
		{648FB01F-0C4A-409E-A48A-E6722F626AB8}.Debug|Any CPU.Build.0 = Debug|Any CPU
		{648FB01F-0C4A-409E-A48A-E6722F626AB8}.Debug|ARM.ActiveCfg = Debug|Any CPU
		{648FB01F-0C4A-409E-A48A-E6722F626AB8}.Debug|ARM.Build.0 = Debug|Any CPU
		{648FB01F-0C4A-409E-A48A-E6722F626AB8}.Debug|ARM64.ActiveCfg = Debug|Any CPU
		{648FB01F-0C4A-409E-A48A-E6722F626AB8}.Debug|ARM64.Build.0 = Debug|Any CPU
		{648FB01F-0C4A-409E-A48A-E6722F626AB8}.Debug|x64.ActiveCfg = Debug|Any CPU
		{648FB01F-0C4A-409E-A48A-E6722F626AB8}.Debug|x64.Build.0 = Debug|Any CPU
		{648FB01F-0C4A-409E-A48A-E6722F626AB8}.Debug|x86.ActiveCfg = Debug|Any CPU
		{648FB01F-0C4A-409E-A48A-E6722F626AB8}.Debug|x86.Build.0 = Debug|Any CPU
		{648FB01F-0C4A-409E-A48A-E6722F626AB8}.Release|Any CPU.ActiveCfg = Release|Any CPU
		{648FB01F-0C4A-409E-A48A-E6722F626AB8}.Release|Any CPU.Build.0 = Release|Any CPU
		{648FB01F-0C4A-409E-A48A-E6722F626AB8}.Release|ARM.ActiveCfg = Release|Any CPU
		{648FB01F-0C4A-409E-A48A-E6722F626AB8}.Release|ARM.Build.0 = Release|Any CPU
		{648FB01F-0C4A-409E-A48A-E6722F626AB8}.Release|ARM64.ActiveCfg = Release|Any CPU
		{648FB01F-0C4A-409E-A48A-E6722F626AB8}.Release|ARM64.Build.0 = Release|Any CPU
		{648FB01F-0C4A-409E-A48A-E6722F626AB8}.Release|x64.ActiveCfg = Release|Any CPU
		{648FB01F-0C4A-409E-A48A-E6722F626AB8}.Release|x64.Build.0 = Release|Any CPU
		{648FB01F-0C4A-409E-A48A-E6722F626AB8}.Release|x86.ActiveCfg = Release|Any CPU
		{648FB01F-0C4A-409E-A48A-E6722F626AB8}.Release|x86.Build.0 = Release|Any CPU
		{1E765516-497B-4546-8C38-DB452915ACBF}.Debug|Any CPU.ActiveCfg = Debug|Any CPU
		{1E765516-497B-4546-8C38-DB452915ACBF}.Debug|Any CPU.Build.0 = Debug|Any CPU
		{1E765516-497B-4546-8C38-DB452915ACBF}.Debug|ARM.ActiveCfg = Debug|Any CPU
		{1E765516-497B-4546-8C38-DB452915ACBF}.Debug|ARM.Build.0 = Debug|Any CPU
		{1E765516-497B-4546-8C38-DB452915ACBF}.Debug|ARM64.ActiveCfg = Debug|Any CPU
		{1E765516-497B-4546-8C38-DB452915ACBF}.Debug|ARM64.Build.0 = Debug|Any CPU
		{1E765516-497B-4546-8C38-DB452915ACBF}.Debug|x64.ActiveCfg = Debug|Any CPU
		{1E765516-497B-4546-8C38-DB452915ACBF}.Debug|x64.Build.0 = Debug|Any CPU
		{1E765516-497B-4546-8C38-DB452915ACBF}.Debug|x86.ActiveCfg = Debug|Any CPU
		{1E765516-497B-4546-8C38-DB452915ACBF}.Debug|x86.Build.0 = Debug|Any CPU
		{1E765516-497B-4546-8C38-DB452915ACBF}.Release|Any CPU.ActiveCfg = Release|Any CPU
		{1E765516-497B-4546-8C38-DB452915ACBF}.Release|Any CPU.Build.0 = Release|Any CPU
		{1E765516-497B-4546-8C38-DB452915ACBF}.Release|ARM.ActiveCfg = Release|Any CPU
		{1E765516-497B-4546-8C38-DB452915ACBF}.Release|ARM.Build.0 = Release|Any CPU
		{1E765516-497B-4546-8C38-DB452915ACBF}.Release|ARM64.ActiveCfg = Release|Any CPU
		{1E765516-497B-4546-8C38-DB452915ACBF}.Release|ARM64.Build.0 = Release|Any CPU
		{1E765516-497B-4546-8C38-DB452915ACBF}.Release|x64.ActiveCfg = Release|Any CPU
		{1E765516-497B-4546-8C38-DB452915ACBF}.Release|x64.Build.0 = Release|Any CPU
		{1E765516-497B-4546-8C38-DB452915ACBF}.Release|x86.ActiveCfg = Release|Any CPU
		{1E765516-497B-4546-8C38-DB452915ACBF}.Release|x86.Build.0 = Release|Any CPU
		{06E5D212-CAD4-4880-832D-69D8D69B8E3D}.Debug|Any CPU.ActiveCfg = Debug|Any CPU
		{06E5D212-CAD4-4880-832D-69D8D69B8E3D}.Debug|Any CPU.Build.0 = Debug|Any CPU
		{06E5D212-CAD4-4880-832D-69D8D69B8E3D}.Debug|ARM.ActiveCfg = Debug|Any CPU
		{06E5D212-CAD4-4880-832D-69D8D69B8E3D}.Debug|ARM.Build.0 = Debug|Any CPU
		{06E5D212-CAD4-4880-832D-69D8D69B8E3D}.Debug|ARM64.ActiveCfg = Debug|Any CPU
		{06E5D212-CAD4-4880-832D-69D8D69B8E3D}.Debug|ARM64.Build.0 = Debug|Any CPU
		{06E5D212-CAD4-4880-832D-69D8D69B8E3D}.Debug|x64.ActiveCfg = Debug|Any CPU
		{06E5D212-CAD4-4880-832D-69D8D69B8E3D}.Debug|x64.Build.0 = Debug|Any CPU
		{06E5D212-CAD4-4880-832D-69D8D69B8E3D}.Debug|x86.ActiveCfg = Debug|Any CPU
		{06E5D212-CAD4-4880-832D-69D8D69B8E3D}.Debug|x86.Build.0 = Debug|Any CPU
		{06E5D212-CAD4-4880-832D-69D8D69B8E3D}.Release|Any CPU.ActiveCfg = Release|Any CPU
		{06E5D212-CAD4-4880-832D-69D8D69B8E3D}.Release|Any CPU.Build.0 = Release|Any CPU
		{06E5D212-CAD4-4880-832D-69D8D69B8E3D}.Release|ARM.ActiveCfg = Release|Any CPU
		{06E5D212-CAD4-4880-832D-69D8D69B8E3D}.Release|ARM.Build.0 = Release|Any CPU
		{06E5D212-CAD4-4880-832D-69D8D69B8E3D}.Release|ARM64.ActiveCfg = Release|Any CPU
		{06E5D212-CAD4-4880-832D-69D8D69B8E3D}.Release|ARM64.Build.0 = Release|Any CPU
		{06E5D212-CAD4-4880-832D-69D8D69B8E3D}.Release|x64.ActiveCfg = Release|Any CPU
		{06E5D212-CAD4-4880-832D-69D8D69B8E3D}.Release|x64.Build.0 = Release|Any CPU
		{06E5D212-CAD4-4880-832D-69D8D69B8E3D}.Release|x86.ActiveCfg = Release|Any CPU
		{06E5D212-CAD4-4880-832D-69D8D69B8E3D}.Release|x86.Build.0 = Release|Any CPU
	EndGlobalSection
	GlobalSection(SolutionProperties) = preSolution
		HideSolutionNode = FALSE
	EndGlobalSection
	GlobalSection(NestedProjects) = preSolution
		{C624F9B5-3EA1-416C-8592-37E6064C8247} = {264745B0-DF86-41E1-B400-3CAA1B403830}
		{51F6CFCC-AB57-40DD-AADA-6299A2C6B941} = {264745B0-DF86-41E1-B400-3CAA1B403830}
		{648FB01F-0C4A-409E-A48A-E6722F626AB8} = {CAE8E8A6-2721-4C90-BCD9-F4B03C3D8F13}
		{1E765516-497B-4546-8C38-DB452915ACBF} = {CAE8E8A6-2721-4C90-BCD9-F4B03C3D8F13}
	EndGlobalSection
	GlobalSection(ExtensibilityGlobals) = postSolution
		SolutionGuid = {740A716A-38A7-46BC-A21F-18336D0023B7}
	EndGlobalSection
EndGlobal
