
Microsoft Visual Studio Solution File, Format Version 12.00
# Visual Studio Version 17
VisualStudioVersion = 17.2.32519.379
MinimumVisualStudioVersion = 10.0.40219.1
Project("{2150E333-8FDC-42A3-9474-1A3956D46DE8}") = "WebDAVDrive", "WebDAVDrive", "{264745B0-DF86-41E1-B400-3CAA1B403830}"
EndProject
Project("{2150E333-8FDC-42A3-9474-1A3956D46DE8}") = "VirtualDrive", "VirtualDrive", "{CAE8E8A6-2721-4C90-BCD9-F4B03C3D8F13}"
EndProject
Project("{9A19103F-16F7-4668-BE54-9A1E7A4F7556}") = "VirtualDrive", "VirtualDrive\VirtualDrive.csproj", "{648FB01F-0C4A-409E-A48A-E6722F626AB8}"
EndProject
Project("{9A19103F-16F7-4668-BE54-9A1E7A4F7556}") = "VirtualFileSystem", "VirtualFileSystem\VirtualFileSystem.csproj", "{06E5D212-CAD4-4880-832D-69D8D69B8E3D}"
EndProject
Project("{2150E333-8FDC-42A3-9474-1A3956D46DE8}") = "Common", "Common", "{F24CBDD0-7A18-43F0-BCD2-A8FD1A8A7B54}"
EndProject
Project("{9A19103F-16F7-4668-BE54-9A1E7A4F7556}") = "Common.Windows.Core", "Common\Core\Common.Windows.Core.csproj", "{AA64B9BF-C18A-4818-A260-0A32ACFCC809}"
EndProject
Project("{9A19103F-16F7-4668-BE54-9A1E7A4F7556}") = "Common.Windows.VirtualDrive", "Common\VirtualDrive\Common.Windows.VirtualDrive.csproj", "{E589600E-97A4-4B1D-8921-0CCC63B03E96}"
EndProject
Project("{9A19103F-16F7-4668-BE54-9A1E7A4F7556}") = "Common", "..\Common\Common.csproj", "{C1585095-4C3B-4CD1-B8B2-ECDD378D41BE}"
EndProject
Project("{9A19103F-16F7-4668-BE54-9A1E7A4F7556}") = "WebDAVDrive", "WebDAVDrive\WebDAVDrive.csproj", "{18964270-1F2A-470E-A205-6F0AF976DA2E}"
EndProject
Global
	GlobalSection(SolutionConfigurationPlatforms) = preSolution
		Debug|Any CPU = Debug|Any CPU
		Debug|x64 = Debug|x64
		Release|Any CPU = Release|Any CPU
		Release|x64 = Release|x64
	EndGlobalSection
	GlobalSection(ProjectConfigurationPlatforms) = postSolution
		{648FB01F-0C4A-409E-A48A-E6722F626AB8}.Debug|Any CPU.ActiveCfg = Debug|x64
		{648FB01F-0C4A-409E-A48A-E6722F626AB8}.Debug|Any CPU.Build.0 = Debug|x64
		{648FB01F-0C4A-409E-A48A-E6722F626AB8}.Debug|x64.ActiveCfg = Debug|x64
		{648FB01F-0C4A-409E-A48A-E6722F626AB8}.Debug|x64.Build.0 = Debug|x64
		{648FB01F-0C4A-409E-A48A-E6722F626AB8}.Release|Any CPU.ActiveCfg = Release|x64
		{648FB01F-0C4A-409E-A48A-E6722F626AB8}.Release|Any CPU.Build.0 = Release|x64
		{648FB01F-0C4A-409E-A48A-E6722F626AB8}.Release|x64.ActiveCfg = Release|x64
		{648FB01F-0C4A-409E-A48A-E6722F626AB8}.Release|x64.Build.0 = Release|x64
		{06E5D212-CAD4-4880-832D-69D8D69B8E3D}.Debug|Any CPU.ActiveCfg = Debug|Any CPU
		{06E5D212-CAD4-4880-832D-69D8D69B8E3D}.Debug|Any CPU.Build.0 = Debug|Any CPU
		{06E5D212-CAD4-4880-832D-69D8D69B8E3D}.Debug|x64.ActiveCfg = Debug|Any CPU
		{06E5D212-CAD4-4880-832D-69D8D69B8E3D}.Debug|x64.Build.0 = Debug|Any CPU
		{06E5D212-CAD4-4880-832D-69D8D69B8E3D}.Release|Any CPU.ActiveCfg = Release|Any CPU
		{06E5D212-CAD4-4880-832D-69D8D69B8E3D}.Release|Any CPU.Build.0 = Release|Any CPU
		{06E5D212-CAD4-4880-832D-69D8D69B8E3D}.Release|x64.ActiveCfg = Release|Any CPU
		{06E5D212-CAD4-4880-832D-69D8D69B8E3D}.Release|x64.Build.0 = Release|Any CPU
		{AA64B9BF-C18A-4818-A260-0A32ACFCC809}.Debug|Any CPU.ActiveCfg = Debug|Any CPU
		{AA64B9BF-C18A-4818-A260-0A32ACFCC809}.Debug|Any CPU.Build.0 = Debug|Any CPU
		{AA64B9BF-C18A-4818-A260-0A32ACFCC809}.Debug|x64.ActiveCfg = Debug|x64
		{AA64B9BF-C18A-4818-A260-0A32ACFCC809}.Debug|x64.Build.0 = Debug|x64
		{AA64B9BF-C18A-4818-A260-0A32ACFCC809}.Release|Any CPU.ActiveCfg = Release|Any CPU
		{AA64B9BF-C18A-4818-A260-0A32ACFCC809}.Release|Any CPU.Build.0 = Release|Any CPU
		{AA64B9BF-C18A-4818-A260-0A32ACFCC809}.Release|x64.ActiveCfg = Release|x64
		{AA64B9BF-C18A-4818-A260-0A32ACFCC809}.Release|x64.Build.0 = Release|x64
		{E589600E-97A4-4B1D-8921-0CCC63B03E96}.Debug|Any CPU.ActiveCfg = Debug|Any CPU
		{E589600E-97A4-4B1D-8921-0CCC63B03E96}.Debug|Any CPU.Build.0 = Debug|Any CPU
		{E589600E-97A4-4B1D-8921-0CCC63B03E96}.Debug|x64.ActiveCfg = Debug|x64
		{E589600E-97A4-4B1D-8921-0CCC63B03E96}.Debug|x64.Build.0 = Debug|x64
		{E589600E-97A4-4B1D-8921-0CCC63B03E96}.Release|Any CPU.ActiveCfg = Release|Any CPU
		{E589600E-97A4-4B1D-8921-0CCC63B03E96}.Release|Any CPU.Build.0 = Release|Any CPU
		{E589600E-97A4-4B1D-8921-0CCC63B03E96}.Release|x64.ActiveCfg = Release|x64
		{E589600E-97A4-4B1D-8921-0CCC63B03E96}.Release|x64.Build.0 = Release|x64
		{C1585095-4C3B-4CD1-B8B2-ECDD378D41BE}.Debug|Any CPU.ActiveCfg = Debug|Any CPU
		{C1585095-4C3B-4CD1-B8B2-ECDD378D41BE}.Debug|Any CPU.Build.0 = Debug|Any CPU
		{C1585095-4C3B-4CD1-B8B2-ECDD378D41BE}.Debug|x64.ActiveCfg = Debug|x64
		{C1585095-4C3B-4CD1-B8B2-ECDD378D41BE}.Debug|x64.Build.0 = Debug|x64
		{C1585095-4C3B-4CD1-B8B2-ECDD378D41BE}.Release|Any CPU.ActiveCfg = Release|Any CPU
		{C1585095-4C3B-4CD1-B8B2-ECDD378D41BE}.Release|Any CPU.Build.0 = Release|Any CPU
		{C1585095-4C3B-4CD1-B8B2-ECDD378D41BE}.Release|x64.ActiveCfg = Release|x64
		{C1585095-4C3B-4CD1-B8B2-ECDD378D41BE}.Release|x64.Build.0 = Release|x64
		{18964270-1F2A-470E-A205-6F0AF976DA2E}.Debug|Any CPU.ActiveCfg = Debug|x64
		{18964270-1F2A-470E-A205-6F0AF976DA2E}.Debug|Any CPU.Build.0 = Debug|x64
		{18964270-1F2A-470E-A205-6F0AF976DA2E}.Debug|Any CPU.Deploy.0 = Debug|x64
		{18964270-1F2A-470E-A205-6F0AF976DA2E}.Debug|x64.ActiveCfg = Debug|Any CPU
		{18964270-1F2A-470E-A205-6F0AF976DA2E}.Debug|x64.Build.0 = Debug|Any CPU
		{18964270-1F2A-470E-A205-6F0AF976DA2E}.Debug|x64.Deploy.0 = Debug|Any CPU
		{18964270-1F2A-470E-A205-6F0AF976DA2E}.Release|Any CPU.ActiveCfg = Release|Any CPU
		{18964270-1F2A-470E-A205-6F0AF976DA2E}.Release|Any CPU.Build.0 = Release|Any CPU
		{18964270-1F2A-470E-A205-6F0AF976DA2E}.Release|x64.ActiveCfg = Release|Any CPU
		{18964270-1F2A-470E-A205-6F0AF976DA2E}.Release|x64.Build.0 = Release|Any CPU
	EndGlobalSection
	GlobalSection(SolutionProperties) = preSolution
		HideSolutionNode = FALSE
	EndGlobalSection
	GlobalSection(NestedProjects) = preSolution
		{648FB01F-0C4A-409E-A48A-E6722F626AB8} = {CAE8E8A6-2721-4C90-BCD9-F4B03C3D8F13}
		{AA64B9BF-C18A-4818-A260-0A32ACFCC809} = {F24CBDD0-7A18-43F0-BCD2-A8FD1A8A7B54}
		{E589600E-97A4-4B1D-8921-0CCC63B03E96} = {F24CBDD0-7A18-43F0-BCD2-A8FD1A8A7B54}
		{C1585095-4C3B-4CD1-B8B2-ECDD378D41BE} = {F24CBDD0-7A18-43F0-BCD2-A8FD1A8A7B54}
		{18964270-1F2A-470E-A205-6F0AF976DA2E} = {264745B0-DF86-41E1-B400-3CAA1B403830}
	EndGlobalSection
	GlobalSection(ExtensibilityGlobals) = postSolution
		SolutionGuid = {740A716A-38A7-46BC-A21F-18336D0023B7}
	EndGlobalSection
EndGlobal
