
Microsoft Visual Studio Solution File, Format Version 12.00
# Visual Studio Version 16
VisualStudioVersion = 25.0.1705.0
MinimumVisualStudioVersion = 10.0.40219.1
Project("{FAE04EC0-301F-11D3-BF4B-00C04F79EFBC}") = "VirtualFileSystemCommon", "VirtualFileSystem\VirtualFileSystemCommon\VirtualFileSystemCommon.csproj", "{07FF7DBA-27A0-417C-89F6-27E04E51F8DD}"
EndProject
Project("{2150E333-8FDC-42A3-9474-1A3956D46DE8}") = "VirtualFileSystem", "VirtualFileSystem", "{036FC7F3-0FEC-497D-867F-3F67A465B6B8}"
EndProject
Project("{2150E333-8FDC-42A3-9474-1A3956D46DE8}") = "WebDAVDrive", "WebDAVDrive", "{34CB985B-1D15-4E17-8FA5-3FAFB4D26DA9}"
EndProject
Project("{2150E333-8FDC-42A3-9474-1A3956D46DE8}") = "Common", "Common", "{5B0B42BE-FF0D-42DF-8983-E8D0256B239E}"
EndProject
Project("{FAE04EC0-301F-11D3-BF4B-00C04F79EFBC}") = "Common.Core", "Common\Core\Common.Core.csproj", "{867899D4-8931-44FE-A554-122C2D65616C}"
EndProject
Project("{FAE04EC0-301F-11D3-BF4B-00C04F79EFBC}") = "VirtualFileSystemMacApp", "VirtualFileSystem\VirtualFileSystemMacApp\VirtualFileSystemMacApp.csproj", "{B1EBA44C-F695-440C-A7B7-8D05CA72EF3A}"
EndProject
Project("{FAE04EC0-301F-11D3-BF4B-00C04F79EFBC}") = "WebDAVCommon", "WebDAVDrive\WebDAVCommon\WebDAVCommon.csproj", "{DF0B99D0-BA4D-4F24-8759-0BA9905F377E}"
EndProject
Project("{FAE04EC0-301F-11D3-BF4B-00C04F79EFBC}") = "WebDAVMacApp", "WebDAVDrive\WebDAVMacApp\WebDAVMacApp.csproj", "{E9CFD15E-6885-41BA-AAC5-1AC95247940B}"
EndProject
Project("{FAE04EC0-301F-11D3-BF4B-00C04F79EFBC}") = "WebDAVFileProviderExtension", "WebDAVDrive\WebDAVFileProviderExtension\WebDAVFileProviderExtension.csproj", "{2EAE2CFB-2220-4599-A462-20973AA1E4E3}"
EndProject
Project("{FAE04EC0-301F-11D3-BF4B-00C04F79EFBC}") = "FileProviderExtension", "VirtualFileSystem\FileProviderExtension\FileProviderExtension.csproj", "{B8E37561-0C38-432E-ACC2-34D5530F350E}"
EndProject
Project("{FAE04EC0-301F-11D3-BF4B-00C04F79EFBC}") = "WebDAVFileProviderUIExtension", "WebDAVDrive\WebDAVFileProviderUIExtension\WebDAVFileProviderUIExtension.csproj", "{5839C7B6-0F26-4E6A-8B26-FC9C1B8B4957}"
EndProject
Global
	GlobalSection(SolutionConfigurationPlatforms) = preSolution
		Debug|Any CPU = Debug|Any CPU
		Release|Any CPU = Release|Any CPU
		Debug|x64 = Debug|x64
		Release|x64 = Release|x64
	EndGlobalSection
	GlobalSection(ProjectConfigurationPlatforms) = postSolution
		{E16FE844-A1C6-4C2E-A920-D0C0B8A1A47D}.Debug|Any CPU.ActiveCfg = Debug|Any CPU
		{E16FE844-A1C6-4C2E-A920-D0C0B8A1A47D}.Debug|Any CPU.Build.0 = Debug|Any CPU
		{E16FE844-A1C6-4C2E-A920-D0C0B8A1A47D}.Release|Any CPU.ActiveCfg = Release|Any CPU
		{E16FE844-A1C6-4C2E-A920-D0C0B8A1A47D}.Release|Any CPU.Build.0 = Release|Any CPU
		{07FF7DBA-27A0-417C-89F6-27E04E51F8DD}.Debug|Any CPU.ActiveCfg = Debug|Any CPU
		{07FF7DBA-27A0-417C-89F6-27E04E51F8DD}.Debug|Any CPU.Build.0 = Debug|Any CPU
		{07FF7DBA-27A0-417C-89F6-27E04E51F8DD}.Release|Any CPU.ActiveCfg = Release|Any CPU
		{07FF7DBA-27A0-417C-89F6-27E04E51F8DD}.Release|Any CPU.Build.0 = Release|Any CPU
		{07FF7DBA-27A0-417C-89F6-27E04E51F8DD}.Debug|x64.ActiveCfg = Debug|Any CPU
		{07FF7DBA-27A0-417C-89F6-27E04E51F8DD}.Debug|x64.Build.0 = Debug|Any CPU
		{07FF7DBA-27A0-417C-89F6-27E04E51F8DD}.Release|x64.ActiveCfg = Release|Any CPU
		{07FF7DBA-27A0-417C-89F6-27E04E51F8DD}.Release|x64.Build.0 = Release|Any CPU
		{FC3C471C-1B0E-4CAD-A084-408525EA86A7}.Debug|Any CPU.ActiveCfg = Debug|Any CPU
		{FC3C471C-1B0E-4CAD-A084-408525EA86A7}.Debug|Any CPU.Build.0 = Debug|Any CPU
		{FC3C471C-1B0E-4CAD-A084-408525EA86A7}.Release|Any CPU.ActiveCfg = Release|Any CPU
		{FC3C471C-1B0E-4CAD-A084-408525EA86A7}.Release|Any CPU.Build.0 = Release|Any CPU
		{867899D4-8931-44FE-A554-122C2D65616C}.Debug|Any CPU.ActiveCfg = Debug|Any CPU
		{867899D4-8931-44FE-A554-122C2D65616C}.Debug|Any CPU.Build.0 = Debug|Any CPU
		{867899D4-8931-44FE-A554-122C2D65616C}.Release|Any CPU.ActiveCfg = Release|Any CPU
		{867899D4-8931-44FE-A554-122C2D65616C}.Release|Any CPU.Build.0 = Release|Any CPU
		{867899D4-8931-44FE-A554-122C2D65616C}.Debug|x64.ActiveCfg = Debug|Any CPU
		{867899D4-8931-44FE-A554-122C2D65616C}.Debug|x64.Build.0 = Debug|Any CPU
		{867899D4-8931-44FE-A554-122C2D65616C}.Release|x64.ActiveCfg = Release|Any CPU
		{867899D4-8931-44FE-A554-122C2D65616C}.Release|x64.Build.0 = Release|Any CPU
		{427510AC-F886-4521-AC23-E74E5665B309}.Debug|Any CPU.ActiveCfg = Debug|Any CPU
		{427510AC-F886-4521-AC23-E74E5665B309}.Debug|Any CPU.Build.0 = Debug|Any CPU
		{427510AC-F886-4521-AC23-E74E5665B309}.Release|Any CPU.ActiveCfg = Release|Any CPU
		{427510AC-F886-4521-AC23-E74E5665B309}.Release|Any CPU.Build.0 = Release|Any CPU
		{B1EBA44C-F695-440C-A7B7-8D05CA72EF3A}.Debug|Any CPU.ActiveCfg = Debug|Any CPU
		{B1EBA44C-F695-440C-A7B7-8D05CA72EF3A}.Debug|Any CPU.Build.0 = Debug|Any CPU
		{B1EBA44C-F695-440C-A7B7-8D05CA72EF3A}.Release|Any CPU.ActiveCfg = Release|Any CPU
		{B1EBA44C-F695-440C-A7B7-8D05CA72EF3A}.Release|Any CPU.Build.0 = Release|Any CPU
		{B1EBA44C-F695-440C-A7B7-8D05CA72EF3A}.Debug|x64.ActiveCfg = Debug|Any CPU
		{B1EBA44C-F695-440C-A7B7-8D05CA72EF3A}.Debug|x64.Build.0 = Debug|Any CPU
		{B1EBA44C-F695-440C-A7B7-8D05CA72EF3A}.Release|x64.ActiveCfg = Release|Any CPU
		{B1EBA44C-F695-440C-A7B7-8D05CA72EF3A}.Release|x64.Build.0 = Release|Any CPU
		{B23C34D8-3EF8-4627-9425-30243E1A4223}.Debug|Any CPU.ActiveCfg = Debug|Any CPU
		{B23C34D8-3EF8-4627-9425-30243E1A4223}.Debug|Any CPU.Build.0 = Debug|Any CPU
		{B23C34D8-3EF8-4627-9425-30243E1A4223}.Release|Any CPU.ActiveCfg = Release|Any CPU
		{B23C34D8-3EF8-4627-9425-30243E1A4223}.Release|Any CPU.Build.0 = Release|Any CPU
		{DF45FA2A-9758-4BBB-AE23-5817A6EB3FAF}.Debug|Any CPU.ActiveCfg = Debug|Any CPU
		{DF45FA2A-9758-4BBB-AE23-5817A6EB3FAF}.Debug|Any CPU.Build.0 = Debug|Any CPU
		{DF45FA2A-9758-4BBB-AE23-5817A6EB3FAF}.Release|Any CPU.ActiveCfg = Release|Any CPU
		{DF45FA2A-9758-4BBB-AE23-5817A6EB3FAF}.Release|Any CPU.Build.0 = Release|Any CPU
		{DF0B99D0-BA4D-4F24-8759-0BA9905F377E}.Debug|Any CPU.ActiveCfg = Debug|Any CPU
		{DF0B99D0-BA4D-4F24-8759-0BA9905F377E}.Debug|Any CPU.Build.0 = Debug|Any CPU
		{DF0B99D0-BA4D-4F24-8759-0BA9905F377E}.Release|Any CPU.ActiveCfg = Release|Any CPU
		{DF0B99D0-BA4D-4F24-8759-0BA9905F377E}.Release|Any CPU.Build.0 = Release|Any CPU
		{DF0B99D0-BA4D-4F24-8759-0BA9905F377E}.Debug|x64.ActiveCfg = Debug|Any CPU
		{DF0B99D0-BA4D-4F24-8759-0BA9905F377E}.Debug|x64.Build.0 = Debug|Any CPU
		{DF0B99D0-BA4D-4F24-8759-0BA9905F377E}.Release|x64.ActiveCfg = Release|Any CPU
		{DF0B99D0-BA4D-4F24-8759-0BA9905F377E}.Release|x64.Build.0 = Release|Any CPU
		{E9CFD15E-6885-41BA-AAC5-1AC95247940B}.Debug|Any CPU.ActiveCfg = Debug|Any CPU
		{E9CFD15E-6885-41BA-AAC5-1AC95247940B}.Debug|Any CPU.Build.0 = Debug|Any CPU
		{E9CFD15E-6885-41BA-AAC5-1AC95247940B}.Release|Any CPU.ActiveCfg = Release|Any CPU
		{E9CFD15E-6885-41BA-AAC5-1AC95247940B}.Release|Any CPU.Build.0 = Release|Any CPU
		{E9CFD15E-6885-41BA-AAC5-1AC95247940B}.Debug|x64.ActiveCfg = Debug|Any CPU
		{E9CFD15E-6885-41BA-AAC5-1AC95247940B}.Debug|x64.Build.0 = Debug|Any CPU
		{E9CFD15E-6885-41BA-AAC5-1AC95247940B}.Release|x64.ActiveCfg = Release|Any CPU
		{E9CFD15E-6885-41BA-AAC5-1AC95247940B}.Release|x64.Build.0 = Release|Any CPU
		{2EAE2CFB-2220-4599-A462-20973AA1E4E3}.Debug|Any CPU.ActiveCfg = Debug|Any CPU
		{2EAE2CFB-2220-4599-A462-20973AA1E4E3}.Debug|Any CPU.Build.0 = Debug|Any CPU
		{2EAE2CFB-2220-4599-A462-20973AA1E4E3}.Release|Any CPU.ActiveCfg = Release|Any CPU
		{2EAE2CFB-2220-4599-A462-20973AA1E4E3}.Release|Any CPU.Build.0 = Release|Any CPU
		{2EAE2CFB-2220-4599-A462-20973AA1E4E3}.Debug|x64.ActiveCfg = Debug|Any CPU
		{2EAE2CFB-2220-4599-A462-20973AA1E4E3}.Debug|x64.Build.0 = Debug|Any CPU
		{2EAE2CFB-2220-4599-A462-20973AA1E4E3}.Release|x64.ActiveCfg = Release|Any CPU
		{2EAE2CFB-2220-4599-A462-20973AA1E4E3}.Release|x64.Build.0 = Release|Any CPU
		{B8E37561-0C38-432E-ACC2-34D5530F350E}.Debug|Any CPU.ActiveCfg = Debug|Any CPU
		{B8E37561-0C38-432E-ACC2-34D5530F350E}.Debug|Any CPU.Build.0 = Debug|Any CPU
		{B8E37561-0C38-432E-ACC2-34D5530F350E}.Release|Any CPU.ActiveCfg = Release|Any CPU
		{B8E37561-0C38-432E-ACC2-34D5530F350E}.Release|Any CPU.Build.0 = Release|Any CPU
		{B8E37561-0C38-432E-ACC2-34D5530F350E}.Debug|x64.ActiveCfg = Debug|Any CPU
		{B8E37561-0C38-432E-ACC2-34D5530F350E}.Debug|x64.Build.0 = Debug|Any CPU
		{B8E37561-0C38-432E-ACC2-34D5530F350E}.Release|x64.ActiveCfg = Release|Any CPU
		{B8E37561-0C38-432E-ACC2-34D5530F350E}.Release|x64.Build.0 = Release|Any CPU
		{5839C7B6-0F26-4E6A-8B26-FC9C1B8B4957}.Debug|Any CPU.ActiveCfg = Debug|Any CPU
		{5839C7B6-0F26-4E6A-8B26-FC9C1B8B4957}.Debug|Any CPU.Build.0 = Debug|Any CPU
		{5839C7B6-0F26-4E6A-8B26-FC9C1B8B4957}.Release|Any CPU.ActiveCfg = Release|Any CPU
		{5839C7B6-0F26-4E6A-8B26-FC9C1B8B4957}.Release|Any CPU.Build.0 = Release|Any CPU
		{5839C7B6-0F26-4E6A-8B26-FC9C1B8B4957}.Debug|x64.ActiveCfg = Debug|Any CPU
		{5839C7B6-0F26-4E6A-8B26-FC9C1B8B4957}.Debug|x64.Build.0 = Debug|Any CPU
		{5839C7B6-0F26-4E6A-8B26-FC9C1B8B4957}.Release|x64.ActiveCfg = Release|Any CPU
		{5839C7B6-0F26-4E6A-8B26-FC9C1B8B4957}.Release|x64.Build.0 = Release|Any CPU
	EndGlobalSection
	GlobalSection(SolutionProperties) = preSolution
		HideSolutionNode = FALSE
	EndGlobalSection
	GlobalSection(ExtensibilityGlobals) = postSolution
		SolutionGuid = {CC42E835-CAA4-433A-AA25-1B457EED986A}
	EndGlobalSection
	GlobalSection(MonoDevelopProperties) = preSolution
		Policies = $0
		$0.StandardHeader = $1
	EndGlobalSection
	GlobalSection(NestedProjects) = preSolution
		{867899D4-8931-44FE-A554-122C2D65616C} = {5B0B42BE-FF0D-42DF-8983-E8D0256B239E}
		{07FF7DBA-27A0-417C-89F6-27E04E51F8DD} = {036FC7F3-0FEC-497D-867F-3F67A465B6B8}
		{B1EBA44C-F695-440C-A7B7-8D05CA72EF3A} = {036FC7F3-0FEC-497D-867F-3F67A465B6B8}
		{B23C34D8-3EF8-4627-9425-30243E1A4223} = {036FC7F3-0FEC-497D-867F-3F67A465B6B8}
		{DF45FA2A-9758-4BBB-AE23-5817A6EB3FAF} = {34CB985B-1D15-4E17-8FA5-3FAFB4D26DA9}
		{DF0B99D0-BA4D-4F24-8759-0BA9905F377E} = {34CB985B-1D15-4E17-8FA5-3FAFB4D26DA9}
		{E9CFD15E-6885-41BA-AAC5-1AC95247940B} = {34CB985B-1D15-4E17-8FA5-3FAFB4D26DA9}
		{2EAE2CFB-2220-4599-A462-20973AA1E4E3} = {34CB985B-1D15-4E17-8FA5-3FAFB4D26DA9}
		{B8E37561-0C38-432E-ACC2-34D5530F350E} = {036FC7F3-0FEC-497D-867F-3F67A465B6B8}
		{5839C7B6-0F26-4E6A-8B26-FC9C1B8B4957} = {34CB985B-1D15-4E17-8FA5-3FAFB4D26DA9}
	EndGlobalSection
EndGlobal
